PODS:
  - AFNetworking (2.6.3):
    - AFNetworking/NSURLConnection (= 2.6.3)
    - AFNetworking/NSURLSession (= 2.6.3)
    - AFNetworking/Reachability (= 2.6.3)
    - AFNetworking/Security (= 2.6.3)
    - AFNetworking/Serialization (= 2.6.3)
    - AFNetworking/UIKit (= 2.6.3)
  - AFNetworking/NSURLConnection (2.6.3):
    - AFNetworking/Reachability
    - AFNetworking/Security
    - AFNetworking/Serialization
  - AFNetworking/NSURLSession (2.6.3):
    - AFNetworking/Reachability
    - AFNetworking/Security
    - AFNetworking/Serialization
  - AFNetworking/Reachability (2.6.3)
  - AFNetworking/Security (2.6.3)
  - AFNetworking/Serialization (2.6.3)
  - AFNetworking/UIKit (2.6.3):
    - AFNetworking/NSURLConnection
    - AFNetworking/NSURLSession
  - FMDB (2.6):
    - FMDB/standard (= 2.6)
  - FMDB/standard (2.6)
  - Kiwi (2.4.0)
  - Mantle (1.5.7):
    - Mantle/extobjc (= 1.5.7)
  - Mantle/extobjc (1.5.7)
  - ReactiveCocoa (2.3.1):
    - ReactiveCocoa/UI (= 2.3.1)
  - ReactiveCocoa/Core (2.3.1):
    - ReactiveCocoa/no-arc
  - ReactiveCocoa/no-arc (2.3.1)
  - ReactiveCocoa/UI (2.3.1):
    - ReactiveCocoa/Core
  - YTXRequest (0.2.2):
    - AFNetworking (~> 2.6.3)
  - YTXRestfulModel/AFNetworkingRemoteSync (0.3.3):
    - AFNetworking (~> 2.6.3)
    - YTXRestfulModel/Default
  - YTXRestfulModel/Default (0.3.3):
    - Mantle (~> 1.5.7)
    - ReactiveCocoa (~> 2.3.1)
  - YTXRestfulModel/FMDBSync (0.3.3):
    - FMDB (~> 2.6)
    - YTXRestfulModel/Default
  - YTXRestfulModel/UserDefaultStorageSync (0.3.3):
    - YTXRestfulModel/Default
  - YTXRestfulModel/YTXRequestRemoteSync (0.3.3):
    - YTXRequest (~> 0.2.2)
    - YTXRestfulModel/Default

DEPENDENCIES:
  - Kiwi
  - YTXRestfulModel/AFNetworkingRemoteSync (from `../`)
  - YTXRestfulModel/FMDBSync (from `../`)
  - YTXRestfulModel/UserDefaultStorageSync (from `../`)
  - YTXRestfulModel/YTXRequestRemoteSync (from `../`)

EXTERNAL SOURCES:
  YTXRestfulModel:
    :path: ../

SPEC CHECKSUMS:
  AFNetworking: cb8d14a848e831097108418f5d49217339d4eb60
  FMDB: c1968bab3ab0aed38f66cb778ae1e7fa9a652b6e
  Kiwi: f49c9d54b28917df5928fe44968a39ed198cb8a8
  Mantle: 4af47cf9547a4d0ad145a48cd0be3b411a5ae2b8
  ReactiveCocoa: 3fe9b233ca6db810e86681b5749488564c1179a1
  YTXRequest: 976d45a1ce503a5f7787db59b50d08e4d4cb4e19
  YTXRestfulModel: 0df4b594c5ba511ad9f22de9a77c28130679f6d9

COCOAPODS: 0.39.0
