PODS:
  - AFDownloadRequestOperation (2.0.1):
    - AFNetworking (~> 2.0)
  - AFNetworking (2.5.4):
    - AFNetworking/NSURLConnection (= 2.5.4)
    - AFNetworking/NSURLSession (= 2.5.4)
    - AFNetworking/Reachability (= 2.5.4)
    - AFNetworking/Security (= 2.5.4)
    - AFNetworking/Serialization (= 2.5.4)
    - AFNetworking/UIKit (= 2.5.4)
  - AFNetworking/NSURLConnection (2.5.4):
    - AFNetworking/Reachability
    - AFNetworking/Security
    - AFNetworking/Serialization
  - AFNetworking/NSURLSession (2.5.4):
    - AFNetworking/Reachability
    - AFNetworking/Security
    - AFNetworking/Serialization
  - AFNetworking/Reachability (2.5.4)
  - AFNetworking/Security (2.5.4)
  - AFNetworking/Serialization (2.5.4)
  - AFNetworking/UIKit (2.5.4):
    - AFNetworking/NSURLConnection
    - AFNetworking/NSURLSession
  - Kiwi (2.4.0)
  - Mantle (1.5.6):
    - Mantle/extobjc (= 1.5.6)
  - Mantle/extobjc (1.5.6)
  - ReactiveCocoa (2.3.1):
    - ReactiveCocoa/UI (= 2.3.1)
  - ReactiveCocoa/Core (2.3.1):
    - ReactiveCocoa/no-arc
  - ReactiveCocoa/no-arc (2.3.1)
  - ReactiveCocoa/UI (2.3.1):
    - ReactiveCocoa/Core
  - YTKNetwork (0.2.0):
    - AFDownloadRequestOperation (~> 2.0)
    - AFNetworking (~> 2.0)
  - YTXRequest (0.1.4):
    - AFNetworking (~> 2.5.4)
    - YTKNetwork (~> 0.2.0)
  - YTXRestfulModel (0.1.0):
    - Mantle (~> 1.5.4)
    - ReactiveCocoa (~> 2.3.1)
    - YTXRequest (~> 0.1.4)

DEPENDENCIES:
  - Kiwi
  - YTXRestfulModel (from `../`)

EXTERNAL SOURCES:
  YTXRestfulModel:
    :path: ../

SPEC CHECKSUMS:
  AFDownloadRequestOperation: 748a1643423e1ddb23f2178f778087d4f0ae8ac7
  AFNetworking: 05edc0ac4c4c8cf57bcf4b84be5b0744b6d8e71e
  Kiwi: f49c9d54b28917df5928fe44968a39ed198cb8a8
  Mantle: a197db93e0f1e36194b1fdbc078219a8492eaef2
  ReactiveCocoa: 3fe9b233ca6db810e86681b5749488564c1179a1
  YTKNetwork: 8adc811cb3877e0d2993aa873d9869ac058bdb84
  YTXRequest: d07a7c5e60b22f7ee723af3cbf4672c7f31e3cf0
  YTXRestfulModel: 18efbd1e2c9acd4025ac17256995f08186aa949c

COCOAPODS: 0.39.0
