PODS:
  - AFDownloadRequestOperation (2.0.1):
    - AFNetworking (~> 2.0)
  - AFNetworking (2.6.3):
    - AFNetworking/NSURLConnection (= 2.6.3)
    - AFNetworking/NSURLSession (= 2.6.3)
    - AFNetworking/Reachability (= 2.6.3)
    - AFNetworking/Security (= 2.6.3)
    - AFNetworking/Serialization (= 2.6.3)
    - AFNetworking/UIKit (= 2.6.3)
  - AFNetworking/NSURLConnection (2.6.3):
    - AFNetworking/Reachability
    - AFNetworking/Security
    - AFNetworking/Serialization
  - AFNetworking/NSURLSession (2.6.3):
    - AFNetworking/Reachability
    - AFNetworking/Security
    - AFNetworking/Serialization
  - AFNetworking/Reachability (2.6.3)
  - AFNetworking/Security (2.6.3)
  - AFNetworking/Serialization (2.6.3)
  - AFNetworking/UIKit (2.6.3):
    - AFNetworking/NSURLConnection
    - AFNetworking/NSURLSession
  - FMDB (2.6):
    - FMDB/standard (= 2.6)
  - FMDB/FTS (2.6):
    - FMDB/standard
  - FMDB/standard (2.6)
  - Kiwi (2.4.0)
  - Mantle (1.5.6):
    - Mantle/extobjc (= 1.5.6)
  - Mantle/extobjc (1.5.6)
  - ReactiveCocoa (2.3.1):
    - ReactiveCocoa/UI (= 2.3.1)
  - ReactiveCocoa/Core (2.3.1):
    - ReactiveCocoa/no-arc
  - ReactiveCocoa/no-arc (2.3.1)
  - ReactiveCocoa/UI (2.3.1):
    - ReactiveCocoa/Core
  - YTKNetwork (0.3.0):
    - AFDownloadRequestOperation (~> 2.0)
    - AFNetworking (~> 2.0)
  - YTXRequest (0.1.7):
    - AFNetworking (~> 2.6.3)
    - YTKNetwork (~> 0.3.0)
  - YTXRestfulModel (0.3.0):
    - FMDB (~> 2.6)
    - FMDB/FTS
    - Mantle (~> 1.5.4)
    - ReactiveCocoa (~> 2.3.1)
    - YTXRequest (~> 0.1.6)

DEPENDENCIES:
  - Kiwi
  - YTXRestfulModel (from `../`)

EXTERNAL SOURCES:
  YTXRestfulModel:
    :path: ../

SPEC CHECKSUMS:
  AFDownloadRequestOperation: 748a1643423e1ddb23f2178f778087d4f0ae8ac7
  AFNetworking: cb8d14a848e831097108418f5d49217339d4eb60
  FMDB: c1968bab3ab0aed38f66cb778ae1e7fa9a652b6e
  Kiwi: f49c9d54b28917df5928fe44968a39ed198cb8a8
  Mantle: a197db93e0f1e36194b1fdbc078219a8492eaef2
  ReactiveCocoa: 3fe9b233ca6db810e86681b5749488564c1179a1
  YTKNetwork: 6c42c364ac9139bdd5659e4816fce29156ca8fa9
  YTXRequest: af02c852225b7c740a85f4ca0f3d09402949e2b4
  YTXRestfulModel: 3a3bc2c79498f2267e399eda34fa2adcb0c33c6d

COCOAPODS: 0.39.0
